
Microsoft Visual Studio Solution File, Format Version 12.00
# Visual Studio Version 17
VisualStudioVersion = 17.8.34525.116
MinimumVisualStudioVersion = 10.0.40219.1
Project("{FAE04EC0-301F-11D3-BF4B-00C04F79EFBC}") = "ejerciciomdm", "ejerciciomdm.csproj", "{A7202EC6-05BE-45DC-95A6-53CED182B7C5}"
EndProject
Global
	GlobalSection(SolutionConfigurationPlatforms) = preSolution
		Debug|Any CPU = Debug|Any CPU
		Release|Any CPU = Release|Any CPU
	EndGlobalSection
	GlobalSection(ProjectConfigurationPlatforms) = postSolution
		{A7202EC6-05BE-45DC-95A6-53CED182B7C5}.Debug|Any CPU.ActiveCfg = Debug|Any CPU
		{A7202EC6-05BE-45DC-95A6-53CED182B7C5}.Debug|Any CPU.Build.0 = Debug|Any CPU
		{A7202EC6-05BE-45DC-95A6-53CED182B7C5}.Release|Any CPU.ActiveCfg = Release|Any CPU
		{A7202EC6-05BE-45DC-95A6-53CED182B7C5}.Release|Any CPU.Build.0 = Release|Any CPU
	EndGlobalSection
	GlobalSection(SolutionProperties) = preSolution
		HideSolutionNode = FALSE
	EndGlobalSection
	GlobalSection(ExtensibilityGlobals) = postSolution
		SolutionGuid = {CF5D066E-0D76-4623-8CEA-60E4B72D466F}
	EndGlobalSection
EndGlobal
